
Microsoft Visual Studio Solution File, Format Version 12.00
# Visual Studio 15
Project("{FAE04EC0-301F-11D3-BF4B-00C04F79EFBC}") = "MakeAGame", "Assembly-CSharp-firstpass.csproj", "{F04A5E68-5899-E4FF-B2A2-811E494A2F27}"
EndProject
Project("{FAE04EC0-301F-11D3-BF4B-00C04F79EFBC}") = "MakeAGame", "Assembly-CSharp.csproj", "{832887BC-5143-1F23-5355-15823B6D2A2E}"
EndProject
Project("{FAE04EC0-301F-11D3-BF4B-00C04F79EFBC}") = "MakeAGame", "Assembly-CSharp-Editor-firstpass.csproj", "{46BF8B1B-EC69-FF31-C6F7-B41DE4B7EC33}"
EndProject
Global
	GlobalSection(SolutionConfigurationPlatforms) = preSolution
		Debug|Any CPU = Debug|Any CPU
		Release|Any CPU = Release|Any CPU
	EndGlobalSection
	GlobalSection(ProjectConfigurationPlatforms) = postSolution
		{F04A5E68-5899-E4FF-B2A2-811E494A2F27}.Debug|Any CPU.ActiveCfg = Debug|Any CPU
		{F04A5E68-5899-E4FF-B2A2-811E494A2F27}.Debug|Any CPU.Build.0 = Debug|Any CPU
		{F04A5E68-5899-E4FF-B2A2-811E494A2F27}.Release|Any CPU.ActiveCfg = Release|Any CPU
		{F04A5E68-5899-E4FF-B2A2-811E494A2F27}.Release|Any CPU.Build.0 = Release|Any CPU
		{832887BC-5143-1F23-5355-15823B6D2A2E}.Debug|Any CPU.ActiveCfg = Debug|Any CPU
		{832887BC-5143-1F23-5355-15823B6D2A2E}.Debug|Any CPU.Build.0 = Debug|Any CPU
		{832887BC-5143-1F23-5355-15823B6D2A2E}.Release|Any CPU.ActiveCfg = Release|Any CPU
		{832887BC-5143-1F23-5355-15823B6D2A2E}.Release|Any CPU.Build.0 = Release|Any CPU
		{46BF8B1B-EC69-FF31-C6F7-B41DE4B7EC33}.Debug|Any CPU.ActiveCfg = Debug|Any CPU
		{46BF8B1B-EC69-FF31-C6F7-B41DE4B7EC33}.Debug|Any CPU.Build.0 = Debug|Any CPU
		{46BF8B1B-EC69-FF31-C6F7-B41DE4B7EC33}.Release|Any CPU.ActiveCfg = Release|Any CPU
		{46BF8B1B-EC69-FF31-C6F7-B41DE4B7EC33}.Release|Any CPU.Build.0 = Release|Any CPU
	EndGlobalSection
	GlobalSection(SolutionProperties) = preSolution
		HideSolutionNode = FALSE
	EndGlobalSection
EndGlobal
